
Microsoft Visual Studio Solution File, Format Version 12.00
# Visual Studio Version 17
VisualStudioVersion = 17.14.36414.22 d17.14
MinimumVisualStudioVersion = 10.0.40219.1
Project("{FAE04EC0-301F-11D3-BF4B-00C04F79EFBC}") = "CALC", "CALC\CALC.csproj", "{B28A7C64-B5BE-4D17-A33D-B05962F49736}"
EndProject
Global
	GlobalSection(SolutionConfigurationPlatforms) = preSolution
		Debug|Any CPU = Debug|Any CPU
		Release|Any CPU = Release|Any CPU
	EndGlobalSection
	GlobalSection(ProjectConfigurationPlatforms) = postSolution
		{B28A7C64-B5BE-4D17-A33D-B05962F49736}.Debug|Any CPU.ActiveCfg = Debug|Any CPU
		{B28A7C64-B5BE-4D17-A33D-B05962F49736}.Debug|Any CPU.Build.0 = Debug|Any CPU
		{B28A7C64-B5BE-4D17-A33D-B05962F49736}.Release|Any CPU.ActiveCfg = Release|Any CPU
		{B28A7C64-B5BE-4D17-A33D-B05962F49736}.Release|Any CPU.Build.0 = Release|Any CPU
	EndGlobalSection
	GlobalSection(SolutionProperties) = preSolution
		HideSolutionNode = FALSE
	EndGlobalSection
	GlobalSection(ExtensibilityGlobals) = postSolution
		SolutionGuid = {11F9377E-590A-4FCF-A565-46FF0CE20005}
	EndGlobalSection
EndGlobal
